
Microsoft Visual Studio Solution File, Format Version 12.00
# Visual Studio Version 16
VisualStudioVersion = 16.0.31205.134
MinimumVisualStudioVersion = 10.0.40219.1
Project("{FAE04EC0-301F-11D3-BF4B-00C04F79EFBC}") = "practice1", "practice1.csproj", "{8F6A3697-A899-4787-B9EF-D342ECCE2270}"
EndProject
Global
	GlobalSection(SolutionConfigurationPlatforms) = preSolution
		Debug|Any CPU = Debug|Any CPU
		Release|Any CPU = Release|Any CPU
	EndGlobalSection
	GlobalSection(ProjectConfigurationPlatforms) = postSolution
		{8F6A3697-A899-4787-B9EF-D342ECCE2270}.Debug|Any CPU.ActiveCfg = Debug|Any CPU
		{8F6A3697-A899-4787-B9EF-D342ECCE2270}.Debug|Any CPU.Build.0 = Debug|Any CPU
		{8F6A3697-A899-4787-B9EF-D342ECCE2270}.Release|Any CPU.ActiveCfg = Release|Any CPU
		{8F6A3697-A899-4787-B9EF-D342ECCE2270}.Release|Any CPU.Build.0 = Release|Any CPU
	EndGlobalSection
	GlobalSection(SolutionProperties) = preSolution
		HideSolutionNode = FALSE
	EndGlobalSection
	GlobalSection(ExtensibilityGlobals) = postSolution
		SolutionGuid = {B9E03080-0744-4EEA-9222-EAE3F05258B6}
	EndGlobalSection
EndGlobal
